
Microsoft Visual Studio Solution File, Format Version 12.00
Project("{2150E333-8FDC-42A3-9474-1A3956D46DE8}") = "Documentation", "Documentation", "{17D27D38-ED64-4818-9486-D337502DA216}"
EndProject
Project("{FAE04EC0-301F-11D3-BF4B-00C04F79EFBC}") = "Docs", "Docs\Docs.csproj", "{B1A7ADCB-0161-4790-911B-E141AD1E3285}"
EndProject
Project("{2150E333-8FDC-42A3-9474-1A3956D46DE8}") = "src", "src", "{B8135CA5-C4C4-43EF-AA42-0C6C570E03E5}"
EndProject
Project("{2150E333-8FDC-42A3-9474-1A3956D46DE8}") = "Core", "Core", "{61304B5D-A48B-411C-B7B4-69E6B2EB0F3F}"
EndProject
Project("{2150E333-8FDC-42A3-9474-1A3956D46DE8}") = "Tools", "Tools", "{54A660BE-7CF8-4AF3-9744-B8793CCC40C5}"
EndProject
Project("{FAE04EC0-301F-11D3-BF4B-00C04F79EFBC}") = "ViaEventAssociation.Core.Tools.OperationResult", "scr\Core\Tools\ViaEventAssociation.Core.Tools.OperationResult\ViaEventAssociation.Core.Tools.OperationResult.csproj", "{9437C799-B516-4547-86C0-775FC9EF2243}"
EndProject
Global
	GlobalSection(SolutionConfigurationPlatforms) = preSolution
		Debug|Any CPU = Debug|Any CPU
		Release|Any CPU = Release|Any CPU
	EndGlobalSection
	GlobalSection(NestedProjects) = preSolution
		{B1A7ADCB-0161-4790-911B-E141AD1E3285} = {17D27D38-ED64-4818-9486-D337502DA216}
		{61304B5D-A48B-411C-B7B4-69E6B2EB0F3F} = {B8135CA5-C4C4-43EF-AA42-0C6C570E03E5}
		{54A660BE-7CF8-4AF3-9744-B8793CCC40C5} = {61304B5D-A48B-411C-B7B4-69E6B2EB0F3F}
		{9437C799-B516-4547-86C0-775FC9EF2243} = {54A660BE-7CF8-4AF3-9744-B8793CCC40C5}
	EndGlobalSection
	GlobalSection(ProjectConfigurationPlatforms) = postSolution
		{B1A7ADCB-0161-4790-911B-E141AD1E3285}.Debug|Any CPU.ActiveCfg = Debug|Any CPU
		{B1A7ADCB-0161-4790-911B-E141AD1E3285}.Debug|Any CPU.Build.0 = Debug|Any CPU
		{B1A7ADCB-0161-4790-911B-E141AD1E3285}.Release|Any CPU.ActiveCfg = Release|Any CPU
		{B1A7ADCB-0161-4790-911B-E141AD1E3285}.Release|Any CPU.Build.0 = Release|Any CPU
		{9437C799-B516-4547-86C0-775FC9EF2243}.Debug|Any CPU.ActiveCfg = Debug|Any CPU
		{9437C799-B516-4547-86C0-775FC9EF2243}.Debug|Any CPU.Build.0 = Debug|Any CPU
		{9437C799-B516-4547-86C0-775FC9EF2243}.Release|Any CPU.ActiveCfg = Release|Any CPU
		{9437C799-B516-4547-86C0-775FC9EF2243}.Release|Any CPU.Build.0 = Release|Any CPU
	EndGlobalSection
EndGlobal
